github.com/chdb-io/chdb-go/lib/darwin-amd64 v0.260700.1 h1:QiXQ1vZWcQCbRpciirWG/+F3KRXYnDLiFOVYkAJxCls=
github.com/chdb-io/chdb-go/lib/darwin-amd64 v0.260700.1/go.mod h1:jB7U0oct7fDV+SbrDzh3oorQFAQ8YOM5QFXf273ZEEs=
github.com/chdb-io/chdb-go/lib/darwin-arm64 v0.260700.1 h1:qvkIS/fozvgJfd30MEPM1nVDSM1JMXQgqZfqp1Oh7aQ=
github.com/chdb-io/chdb-go/lib/darwin-arm64 v0.260700.1/go.mod h1:tebe6DiYx113PoHD0WjWCWVY74QDmaPcCdWA+aNpWPM=
github.com/chdb-io/chdb-go/lib/linux-amd64 v0.260700.1 h1:w1q1whc7LlBpJtzoMkokgnSsdRrFLAG2kgRkb1tQ7jM=
github.com/chdb-io/chdb-go/lib/linux-amd64 v0.260700.1/go.mod h1:LK3ORN5rYtQDUYKswMZKf09RT1qIdwlCGk/3/vB7aHE=
github.com/chdb-io/chdb-go/lib/linux-arm64 v0.260700.1 h1:GoviqHKnVOJIfnfgiSYWiEqxciThy2XGmSHUdq1qvmI=
github.com/chdb-io/chdb-go/lib/linux-arm64 v0.260700.1/go.mod h1:vkAVOjzg+j6TwFWobfxvmU+pV8fD7dS9ibBdZc3Wf8Y=
github.com/chdb-io/chdb-go/v2 v2.1.0 h1:Nf/StmYfE90mePp0EzdWqCbqUv/TJUbVOrnea/x3PN0=
github.com/chdb-io/chdb-go/v2 v2.1.0/go.mod h1:tyiHoF8pWUfrD7ylseofFEnELnA+jocf/yElE3AHBaQ=
github.com/ebitengine/purego v0.8.2 h1:jPPGWs2sZ1UgOSgD2bClL0MJIqu58nOmIcBuXr62z1I=
github.com/ebitengine/purego v0.8.2/go.mod h1:iIjxzd6CiRiOG0UyXP+V1+jWqUXVjPKLAI0mRfJZTmQ=
github.com/klauspost/compress v1.17.9 h1:6KIumPrER1LHsvBVuDa0r5xaG0Es51mhhB9BQB2qeMA=
github.com/klauspost/compress v1.17.9/go.mod h1:Di0epgTjJY877eYKx5yC51cX2A2Vl2ibi7bDH9ttBbw=
golang.org/x/sys v0.22.0 h1:RI27ohtqKCnwULzJLqkv897zojh5/DwS/ENaMzUOaWI=
golang.org/x/sys v0.22.0/go.mod h1:/VUhepiaJMQUp4+oa/7Zr1D23ma6VTLIYjOOTFZPUcA=
